{
  "requires": true,
  "lockfileVersion": 1,
  "dependencies": {
    "fullpage.js": {
      "version": "2.9.5",
      "resolved": "https://registry.npmjs.org/fullpage.js/-/fullpage.js-2.9.5.tgz",
      "integrity": "sha1-Qg4Um4clPsaBAxnRQhl16oi13AA=",
      "requires": {
        "jquery": "3.2.1"
      }
    },
    "jquery": {
      "version": "3.2.1",
      "resolved": "https://registry.npmjs.org/jquery/-/jquery-3.2.1.tgz",
      "integrity": "sha1-XE2d5lKvbNCncBVKYxu6ErAVx4c="
    }
  }
}
